<?xml version="1.0" encoding="utf-8"?>
<Project ToolsVersion="4.0" xmlns="http://schemas.microsoft.com/developer/msbuild/2003">
  <ItemGroup>
    <Filter Include="99.Defines">
      <UniqueIdentifier>{3adbd17b-c224-4d61-9067-175bbd3d0d56}</UniqueIdentifier>
    </Filter>
    <Filter Include="00.MainApp">
      <UniqueIdentifier>{edc3c5d1-ea6b-4e29-b34d-540396673e0f}</UniqueIdentifier>
    </Filter>
    <Filter Include="98.Default">
      <UniqueIdentifier>{9a853736-99fd-4100-b927-5433508f68ad}</UniqueIdentifier>
    </Filter>
    <Filter Include="01.Levels">
      <UniqueIdentifier>{2fd56b7c-25e0-41fb-978b-b8be6be0a2aa}</UniqueIdentifier>
    </Filter>
    <Filter Include="01.Levels\00.Logo">
      <UniqueIdentifier>{4e722de4-25c0-4767-ab76-c59b8e6ac8da}</UniqueIdentifier>
    </Filter>
    <Filter Include="01.Levels\01.GamePlay">
      <UniqueIdentifier>{3633d539-ba40-45a1-af35-e3498a82938f}</UniqueIdentifier>
    </Filter>
    <Filter Include="01.Levels\99.Loading">
      <UniqueIdentifier>{be2ac9e1-e35a-4a34-8056-9663d0403a24}</UniqueIdentifier>
    </Filter>
    <Filter Include="01.Levels\99.Loading\Loader">
      <UniqueIdentifier>{003e5800-e803-40c3-8190-b56169342c0f}</UniqueIdentifier>
    </Filter>
    <Filter Include="02.GameObjects">
      <UniqueIdentifier>{e561c34e-d6f4-478c-9e8b-6bb897b1098c}</UniqueIdentifier>
    </Filter>
    <Filter Include="02.GameObjects\00. BackGround">
      <UniqueIdentifier>{947006ed-8b8b-4500-bb19-2de0997ff178}</UniqueIdentifier>
    </Filter>
    <Filter Include="02.GameObjects\01. MapObject">
      <UniqueIdentifier>{ec5af1d3-0896-4284-9686-f22d59252249}</UniqueIdentifier>
    </Filter>
    <Filter Include="02.GameObjects\02. Player">
      <UniqueIdentifier>{fded826a-41b6-4111-816e-d84d506046f2}</UniqueIdentifier>
    </Filter>
    <Filter Include="02.GameObjects\01. MapObject\Wall">
      <UniqueIdentifier>{b759e0b2-67e3-426e-89e7-1c77d5f0b90d}</UniqueIdentifier>
    </Filter>
    <Filter Include="02.GameObjects\01. MapObject\Floor">
      <UniqueIdentifier>{c4fb5a17-6726-4303-bee1-2eb53f19ba32}</UniqueIdentifier>
    </Filter>
    <Filter Include="02.GameObjects\03. Camera">
      <UniqueIdentifier>{9204bc79-9a62-42ac-a0c7-89d3c6afe6db}</UniqueIdentifier>
    </Filter>
    <Filter Include="02.GameObjects\03. Camera\01. FPS_Camera">
      <UniqueIdentifier>{38d66a05-f387-4c82-b9a8-7f47aaed8a58}</UniqueIdentifier>
    </Filter>
    <Filter Include="03. Client_Components">
      <UniqueIdentifier>{4bbf10dd-1327-4520-b373-5bcb6768e3af}</UniqueIdentifier>
    </Filter>
    <Filter Include="03. Client_Components\Animation">
      <UniqueIdentifier>{4ac07784-c5ca-46d8-a244-4bfa158541b1}</UniqueIdentifier>
    </Filter>
    <Filter Include="02.GameObjects\01. MapObject\MapObject">
      <UniqueIdentifier>{6ad062de-0955-446e-9bb6-08b98f57cb4a}</UniqueIdentifier>
    </Filter>
    <Filter Include="02.GameObjects\01. MapObject\TriggerObject">
      <UniqueIdentifier>{0f6b1636-a57c-4cca-8811-a45d18b0d2c3}</UniqueIdentifier>
    </Filter>
    <Filter Include="02.GameObjects\01. MapObject\SodaMachine">
      <UniqueIdentifier>{080dc5e1-e497-4e7a-9b4e-7edac65ecad8}</UniqueIdentifier>
    </Filter>
    <Filter Include="02.GameObjects\01. MapObject\SodaMachine\Banner">
      <UniqueIdentifier>{6c873ab4-1a31-4a3c-8d5f-980a4832deaf}</UniqueIdentifier>
    </Filter>
    <Filter Include="02.GameObjects\01. MapObject\Border">
      <UniqueIdentifier>{ece3a37e-3646-4c28-b81c-0bff274dc67f}</UniqueIdentifier>
    </Filter>
    <Filter Include="03. Client_Components\VIBuffers">
      <UniqueIdentifier>{f98235cf-4e29-4313-8fc4-7a025f727aa5}</UniqueIdentifier>
    </Filter>
    <Filter Include="03. Client_Components\VIBuffers\CVIBuffer_Border">
      <UniqueIdentifier>{9bd1b528-320c-4af8-9936-bc7e9c54741c}</UniqueIdentifier>
    </Filter>
    <Filter Include="02.GameObjects\01. MapObject\Soda">
      <UniqueIdentifier>{b5f96136-11e5-47c6-86c7-e698715ba7b4}</UniqueIdentifier>
    </Filter>
    <Filter Include="03. Client_Components\Rigidbody">
      <UniqueIdentifier>{919c6503-9fe5-4987-be73-c23f3c7142c6}</UniqueIdentifier>
    </Filter>
    <Filter Include="03. Client_Components\VIBuffers\VIBuffer_Door">
      <UniqueIdentifier>{ee9c996b-dfaa-4282-a227-143caf2fc904}</UniqueIdentifier>
    </Filter>
    <Filter Include="02.GameObjects\01. MapObject\Door">
      <UniqueIdentifier>{23a3b385-a1a6-42dd-bad9-401411a4bd39}</UniqueIdentifier>
    </Filter>
    <Filter Include="97. Manager">
      <UniqueIdentifier>{917e7d2a-74dc-4341-a9d3-99dd0cb1e949}</UniqueIdentifier>
    </Filter>
    <Filter Include="97. Manager\PlayerManager">
      <UniqueIdentifier>{9ca86dde-8dff-45aa-9dc4-a42330e93e85}</UniqueIdentifier>
    </Filter>
    <Filter Include="97. Manager\MapLoader">
      <UniqueIdentifier>{16581d3a-7611-4303-ab6c-61c29d5407cc}</UniqueIdentifier>
    </Filter>
    <Filter Include="97. Manager\GameManager">
      <UniqueIdentifier>{c86a67ad-2539-4748-b16d-257ac9d3ec15}</UniqueIdentifier>
    </Filter>
    <Filter Include="04. UI">
      <UniqueIdentifier>{05e2490f-83af-4688-86c7-d0def919f5ff}</UniqueIdentifier>
    </Filter>
    <Filter Include="04. UI\Ui">
      <UniqueIdentifier>{fc50c5ad-eb67-4e95-ae28-28a742bc0373}</UniqueIdentifier>
    </Filter>
    <Filter Include="04. UI\Ui\CUi_Active">
      <UniqueIdentifier>{1388391a-c46a-4bbb-9502-aa92c3f495d0}</UniqueIdentifier>
    </Filter>
    <Filter Include="04. UI\Ui\CUi_Active\CUi_Clear">
      <UniqueIdentifier>{8c35cf2b-70d2-4e4f-948f-40f1c7197e55}</UniqueIdentifier>
    </Filter>
    <Filter Include="04. UI\Ui\CUi_Active\CUi_Clear\CUi_Heart">
      <UniqueIdentifier>{bd0eb880-6d05-4872-895c-b61756f85a93}</UniqueIdentifier>
    </Filter>
    <Filter Include="04. UI\Ui\CUi_Active\CUi_Clear\CUi_Heart\CUi_HeartLine">
      <UniqueIdentifier>{f50b077b-5fca-4141-b957-ad55c4b2e907}</UniqueIdentifier>
    </Filter>
    <Filter Include="04. UI\Ui\CUi_Active\CUi_Clear\CUi_Heart\CUi_HeartLine\CUi_HeartLine_Part">
      <UniqueIdentifier>{4b5599a9-59e3-43ab-973a-282ef2f45cb0}</UniqueIdentifier>
    </Filter>
    <Filter Include="04. UI\Ui\CUi_Active\CUi_Clear\CUi_Heart\CUi_Heart_Background">
      <UniqueIdentifier>{fefe55b3-cf37-4ccc-9cad-f2d19f020aa9}</UniqueIdentifier>
    </Filter>
    <Filter Include="04. UI\Ui\CUi_Active\CUi_Clear\CUi_Fine">
      <UniqueIdentifier>{dd98ff7d-a669-4cb0-8619-dbf193ad27e9}</UniqueIdentifier>
    </Filter>
    <Filter Include="04. UI\Ui\CUi_Active\CUi_Clear\CUi_LiveStream">
      <UniqueIdentifier>{9b36f8d2-aa8a-4c2c-b4d8-2351e8116e1f}</UniqueIdentifier>
    </Filter>
    <Filter Include="04. UI\Ui\CUi_Active\CUi_Clear\CUi_Border">
      <UniqueIdentifier>{dbfeea87-563f-469c-ad82-b1a9282dd654}</UniqueIdentifier>
    </Filter>
    <Filter Include="04. UI\Ui\CUi_Active\CUi_Clear\CUi_Chat">
      <UniqueIdentifier>{e43af6de-a95a-4013-a65a-adef609b52f3}</UniqueIdentifier>
    </Filter>
    <Filter Include="04. UI\Ui\CUi_Active\CUi_Clear\CUi_Shop">
      <UniqueIdentifier>{4d7212f4-9a04-4c85-8ebd-148c2b070984}</UniqueIdentifier>
    </Filter>
    <Filter Include="04. UI\Ui\CUi_Active\CUi_Clear\CUi_Floor_Logo">
      <UniqueIdentifier>{87fb42e8-bf0f-4864-ab55-9b031728bc74}</UniqueIdentifier>
    </Filter>
    <Filter Include="04. UI\Ui\CUi_Active\CUi_Clear\CUi_Floor_Logo\CUi_Floor_Logo_Word">
      <UniqueIdentifier>{bf923210-7434-4423-85aa-b399c0dcd0c4}</UniqueIdentifier>
    </Filter>
    <Filter Include="04. UI\Ui\CUi_Active\CUi_Clear\CUi_Clear_Time">
      <UniqueIdentifier>{56a7764b-9ed5-446e-b2cc-8023a3d5a7a0}</UniqueIdentifier>
    </Filter>
    <Filter Include="04. UI\Ui\CUi_Active\CUi_Clear\CUi_Clear_Victory">
      <UniqueIdentifier>{4527b87b-dfc7-4e0a-b39e-5432c4733454}</UniqueIdentifier>
    </Filter>
    <Filter Include="04. UI\Ui\CUi_Active\CUi_Start">
      <UniqueIdentifier>{30f36453-2343-443c-a983-5b6a2a6607b4}</UniqueIdentifier>
    </Filter>
    <Filter Include="04. UI\Ui\CUi_Active\CUi_Start\CUi_Floor">
      <UniqueIdentifier>{692c0838-891e-4753-a8fe-9d0027138c4e}</UniqueIdentifier>
    </Filter>
    <Filter Include="04. UI\Ui\CUi_Active\Hand">
      <UniqueIdentifier>{da29112f-0a6b-482d-b7b1-a463ce1ddbb2}</UniqueIdentifier>
    </Filter>
    <Filter Include="04. UI\Ui\CUi_Active\Hand\RIght_Hand">
      <UniqueIdentifier>{27a86044-790e-4178-90cf-77e5b62e25ab}</UniqueIdentifier>
    </Filter>
    <Filter Include="04. UI\Ui\CUi_Active\Hand\RIght_Hand\Pistol">
      <UniqueIdentifier>{11156e82-39ea-4081-9f7e-77e4ba9d6038}</UniqueIdentifier>
    </Filter>
    <Filter Include="04. UI\Ui\CUi_Active\Hand\RIght_Hand\Pistol\Pistol_Idle">
      <UniqueIdentifier>{c391c9fa-046a-4fa4-be10-c6d872ae2107}</UniqueIdentifier>
    </Filter>
    <Filter Include="04. UI\Ui\CUi_Active\Hand\RIght_Hand\Pistol\Pistol_Right_Hand">
      <UniqueIdentifier>{05041a46-e88d-4ab7-9921-af4da25cac7e}</UniqueIdentifier>
    </Filter>
    <Filter Include="04. UI\Ui\CUi_Active\Hand\RIght_Hand\Pistol\Pistol_Shot">
      <UniqueIdentifier>{eef9dca0-50e6-406e-af3f-099b069fba6e}</UniqueIdentifier>
    </Filter>
    <Filter Include="04. UI\Ui\CUi_Active\Hand\RIght_Hand\Pistol\Pistol_Spin">
      <UniqueIdentifier>{7aa55d93-132d-41c4-8449-9786e5fbf7b2}</UniqueIdentifier>
    </Filter>
    <Filter Include="04. UI\Ui\CUi_Active\Hand\RIght_Hand\Pistol\Pistol_Reload">
      <UniqueIdentifier>{448e1174-689f-43c0-b72d-c24d14ebc093}</UniqueIdentifier>
    </Filter>
    <Filter Include="04. UI\Ui\CUi_Active\Hand\RIght_Hand\Pistol\Pistol_Barrel">
      <UniqueIdentifier>{d50b68ab-833c-40d2-99b0-9de1165b2952}</UniqueIdentifier>
    </Filter>
    <Filter Include="04. UI\Ui\CUi_Active\Weapon">
      <UniqueIdentifier>{b502d0dd-6219-4399-9c02-a1bb6c328f96}</UniqueIdentifier>
    </Filter>
    <Filter Include="04. UI\Ui\CUi_Active\Weapon\CrossHair">
      <UniqueIdentifier>{ac0305c4-6f3d-4351-b7ef-972849ac35c5}</UniqueIdentifier>
    </Filter>
    <Filter Include="04. UI\Ui\CUi_Active\Kick">
      <UniqueIdentifier>{481e1707-b28d-4bf1-af4f-9bbd53ad0be4}</UniqueIdentifier>
    </Filter>
    <Filter Include="04. UI\Ui\CUi_Active\Camera_Filter">
      <UniqueIdentifier>{a74d9362-43ca-44f5-b595-e2af6e50e029}</UniqueIdentifier>
    </Filter>
    <Filter Include="04. UI\Ui\CUi_Active\Camera_Filter\Dash">
      <UniqueIdentifier>{a94963dc-aa79-4a65-9063-350d749bb585}</UniqueIdentifier>
    </Filter>
    <Filter Include="04. UI\Ui\CUi_Life">
      <UniqueIdentifier>{bb72b80f-e3a1-4930-93bc-5a37786ea700}</UniqueIdentifier>
    </Filter>
    <Filter Include="04. UI\Ui\CUi_Life\MonsterDie">
      <UniqueIdentifier>{a8281e90-d652-4ec1-99ce-929357b72936}</UniqueIdentifier>
    </Filter>
    <Filter Include="04. UI\Ui\CUi_Life\Special3Sec">
      <UniqueIdentifier>{e35bf6f3-95d3-418e-aab6-f0f7fcdac7d3}</UniqueIdentifier>
    </Filter>
    <Filter Include="04. UI\Ui\CUi_Life\SpeicialHit">
      <UniqueIdentifier>{6bc5968f-f1e1-4c19-86b3-a03f409142b5}</UniqueIdentifier>
    </Filter>
    <Filter Include="04. UI\Ui\CUi_Life\Part">
      <UniqueIdentifier>{8e91680d-6cfe-4d4c-b8bb-00536ec8cce6}</UniqueIdentifier>
    </Filter>
    <Filter Include="04. UI\Ui\CUi_Life\Part\Background">
      <UniqueIdentifier>{413e9543-3dc0-4d7c-9efb-d2a205d3c4b7}</UniqueIdentifier>
    </Filter>
    <Filter Include="04. UI\Ui\CUi_Life\Part\SpecialHit">
      <UniqueIdentifier>{a0103705-b4e5-4c9d-8e24-aa2324a1f85e}</UniqueIdentifier>
    </Filter>
    <Filter Include="04. UI\Ui\CUi_Life\Part\CUi_Floor_Part">
      <UniqueIdentifier>{29cd8a57-2a25-45f8-90f0-1a2800f521bf}</UniqueIdentifier>
    </Filter>
    <Filter Include="04. UI\Ui\CUi_Life\Part\CUi_Shop_UpGrade">
      <UniqueIdentifier>{494593a2-4b88-479e-a07d-030d4159da6b}</UniqueIdentifier>
    </Filter>
    <Filter Include="04. UI\Ui\CUi_Life\Part\CUi_Shop_UpGrade\CUi_UpGrade_Part">
      <UniqueIdentifier>{bd4cf482-873c-4728-a58d-c5a2916b2116}</UniqueIdentifier>
    </Filter>
    <Filter Include="04. UI\Ui\CUi_Life\Part\CUi_Floor_Logo_Num">
      <UniqueIdentifier>{33902df2-9720-4d1f-8037-9ae6acecb8b3}</UniqueIdentifier>
    </Filter>
    <Filter Include="04. UI\Ui\CUi_Life\Part\CUi_Real_ClearTime">
      <UniqueIdentifier>{2baf4bf4-d3ed-44ee-8e93-60f31b3c8266}</UniqueIdentifier>
    </Filter>
    <Filter Include="04. UI\Ui\CUi_Life\Part\CUi_ClearTime_BackGround">
      <UniqueIdentifier>{b71a33eb-8d69-45de-a8ce-a91d88295eb6}</UniqueIdentifier>
    </Filter>
    <Filter Include="04. UI\Ui\CUi_Life\Part\CUi_ClearTime_BackGround\CUi_Time_Division">
      <UniqueIdentifier>{66716090-2119-4631-b44b-fa2fc26c4d24}</UniqueIdentifier>
    </Filter>
    <Filter Include="04. UI\Ui\Effect">
      <UniqueIdentifier>{6201846d-6c5a-4edb-b439-25185ca88092}</UniqueIdentifier>
    </Filter>
    <Filter Include="04. UI\Ui\Effect\GunFire">
      <UniqueIdentifier>{4518becb-52c0-4062-97dc-ebc3202788dd}</UniqueIdentifier>
    </Filter>
    <Filter Include="03. Client_Components\Terrain_Collider">
      <UniqueIdentifier>{de1fdb4e-8880-4849-b438-81c0c43b0146}</UniqueIdentifier>
    </Filter>
    <Filter Include="04. UI\Ui\CUi_Active\Hand\RIght_Hand\Pistol\Pistol_Reload_Left_Arm">
      <UniqueIdentifier>{203f3e05-1ed1-411d-bdad-e50530c53db1}</UniqueIdentifier>
    </Filter>
    <Filter Include="04. UI\Ui\CUi_Active\Hand\RIght_Hand\Pistol\Pistol_Reload_Left_Hand">
      <UniqueIdentifier>{35147e19-557d-4a0f-8508-1e52e588f155}</UniqueIdentifier>
    </Filter>
    <Filter Include="04. UI\Ui\CUi_Active\Hand\Left_Hand">
      <UniqueIdentifier>{84aa6d77-e955-4de2-b0c0-b087a670d183}</UniqueIdentifier>
    </Filter>
    <Filter Include="04. UI\Ui\CUi_Active\Hand\Left_Hand\Phone">
      <UniqueIdentifier>{326528ad-9a72-4958-b32e-656895c1e2b3}</UniqueIdentifier>
    </Filter>
    <Filter Include="04. UI\Ui\CUi_Active\CUi_Clear\Peace">
      <UniqueIdentifier>{6ad94e07-0715-4aa7-8441-49d8b2e56f87}</UniqueIdentifier>
    </Filter>
    <Filter Include="04. UI\Ui\CUi_Active\CUi_Clear\Announcer">
      <UniqueIdentifier>{e74126b2-4fa3-461c-a924-77b831fd8c43}</UniqueIdentifier>
    </Filter>
    <Filter Include="97. Manager\CTextManager">
      <UniqueIdentifier>{cbac94b8-535b-45df-b197-90e8cb5c7c01}</UniqueIdentifier>
    </Filter>
    <Filter Include="03. Client_Components\VIBuffers\VIBuffer_Sphere">
      <UniqueIdentifier>{7b68a34a-14af-401e-b13f-a8e8ee75b042}</UniqueIdentifier>
    </Filter>
    <Filter Include="03. Client_Components\VIBuffers\VIBuffer_Bullet">
      <UniqueIdentifier>{a62372a7-04fb-4e6f-aba1-8e0301f31f74}</UniqueIdentifier>
    </Filter>
    <Filter Include="97. Manager\LightManager">
      <UniqueIdentifier>{be435700-5d46-413d-84e0-80bfd545edae}</UniqueIdentifier>
    </Filter>
    <Filter Include="02.GameObjects\01. MapObject\TriggerObject\SpawnTrigger">
      <UniqueIdentifier>{0a2dd1f7-eab8-41f4-87f0-e347d11ac960}</UniqueIdentifier>
    </Filter>
    <Filter Include="04. UI\Ui\CUi_Active\CUi_OnGoing">
      <UniqueIdentifier>{0f657f05-790a-4db9-9605-9ba66d8afdb0}</UniqueIdentifier>
    </Filter>
    <Filter Include="04. UI\Ui\CUi_Active\CUi_OnGoing\CUi_Finish">
      <UniqueIdentifier>{91969862-66d9-4f60-9911-149ad6a34125}</UniqueIdentifier>
    </Filter>
    <Filter Include="04. UI\Ui\CUi_Life\Part\LoadingBackGround">
      <UniqueIdentifier>{1de6c9fb-276e-422a-8f7c-a1b76098be99}</UniqueIdentifier>
    </Filter>
    <Filter Include="04. UI\Ui\CUi_Life\Part\TextBackGround">
      <UniqueIdentifier>{3cd04371-b89e-45c6-9a52-f3fc8a47a6b2}</UniqueIdentifier>
    </Filter>
    <Filter Include="04. UI\Ui\CUi_Active\Execution">
      <UniqueIdentifier>{e2f6a640-e01f-45d9-85c5-c79abdf35f19}</UniqueIdentifier>
    </Filter>
    <Filter Include="04. UI\Ui\CUi_Active\Execution\Head">
      <UniqueIdentifier>{71cd38ca-102d-4042-b3c9-0e32f3fce427}</UniqueIdentifier>
    </Filter>
    <Filter Include="04. UI\Ui\CUi_Active\Execution\Weapon">
      <UniqueIdentifier>{25c40130-6d4e-457a-9405-460f548e6df7}</UniqueIdentifier>
    </Filter>
    <Filter Include="04. UI\Ui\CUi_Active\Execution\Punch">
      <UniqueIdentifier>{58d8d8f9-3e90-4866-b388-47c0aa2d5008}</UniqueIdentifier>
    </Filter>
    <Filter Include="04. UI\Ui\CUi_Active\Execution\Body">
      <UniqueIdentifier>{d7ab056c-6bf4-4b8a-8c7c-acda63e96c43}</UniqueIdentifier>
    </Filter>
    <Filter Include="04. UI\Ui\CUi_Active\Execution\Neck">
      <UniqueIdentifier>{9d56822c-dad3-4051-835e-eb75f2cde1a1}</UniqueIdentifier>
    </Filter>
    <Filter Include="02.GameObjects\04. Enemy">
      <UniqueIdentifier>{9fc429b0-8228-49fe-ad25-49aa487f48d2}</UniqueIdentifier>
    </Filter>
    <Filter Include="02.GameObjects\04. Enemy\Enemy_Bullet">
      <UniqueIdentifier>{b9513606-903e-43af-954c-b65a33fa223f}</UniqueIdentifier>
    </Filter>
    <Filter Include="02.GameObjects\04. Enemy\Pawns">
      <UniqueIdentifier>{1d5c329e-e471-4ac0-8c69-bded61f6117e}</UniqueIdentifier>
    </Filter>
    <Filter Include="02.GameObjects\04. Enemy\Pawns\White_Suit_Monster">
      <UniqueIdentifier>{967ebb23-2cbc-4697-aef7-c9792331ae04}</UniqueIdentifier>
    </Filter>
    <Filter Include="02.GameObjects\04. Enemy\Pawns\Drone_Monster">
      <UniqueIdentifier>{039f30b6-647a-4871-b011-9f392df52a43}</UniqueIdentifier>
    </Filter>
    <Filter Include="02.GameObjects\04. Enemy\Pawns\Chainsaw_Monster">
      <UniqueIdentifier>{145a221f-1429-48fe-bf5f-a8da25a5ba36}</UniqueIdentifier>
    </Filter>
    <Filter Include="02.GameObjects\04. Enemy\Pawns\Orange_Pants_Monster">
      <UniqueIdentifier>{a5c36ec3-dd5d-4189-9db1-abd508f35e99}</UniqueIdentifier>
    </Filter>
    <Filter Include="02.GameObjects\01. MapObject\Slope">
      <UniqueIdentifier>{716240c5-bd9f-4473-82de-4b9b879a4271}</UniqueIdentifier>
    </Filter>
    <Filter Include="04. UI\Ui\CUi_Active\Hand\Left_Hand\Drink">
      <UniqueIdentifier>{b397f897-2594-4be7-b452-aa187410c4f8}</UniqueIdentifier>
    </Filter>
  </ItemGroup>
  <ItemGroup>
    <Text Include="ReadMe.txt" />
  </ItemGroup>
  <ItemGroup>
    <ClInclude Include="Client.h">
      <Filter>98.Default</Filter>
    </ClInclude>
    <ClInclude Include="Resource.h">
      <Filter>98.Default</Filter>
    </ClInclude>
    <ClInclude Include="stdafx.h">
      <Filter>98.Default</Filter>
    </ClInclude>
    <ClInclude Include="targetver.h">
      <Filter>98.Default</Filter>
    </ClInclude>
    <ClInclude Include="..\Public\MainApp.h">
      <Filter>00.MainApp</Filter>
    </ClInclude>
    <ClInclude Include="..\Public\Client_Defines.h">
      <Filter>99.Defines</Filter>
    </ClInclude>
    <ClInclude Include="..\public\Level_Logo.h">
      <Filter>01.Levels\00.Logo</Filter>
    </ClInclude>
    <ClInclude Include="..\Public\Level_GamePlay.h">
      <Filter>01.Levels\01.GamePlay</Filter>
    </ClInclude>
    <ClInclude Include="..\Public\Level_Loading.h">
      <Filter>01.Levels\99.Loading</Filter>
    </ClInclude>
    <ClInclude Include="..\public\Player.h">
      <Filter>02.GameObjects\02. Player</Filter>
    </ClInclude>
    <ClInclude Include="..\Public\BackGround.h">
      <Filter>02.GameObjects\00. BackGround</Filter>
    </ClInclude>
    <ClInclude Include="..\Public\Wall.h">
      <Filter>02.GameObjects\01. MapObject\Wall</Filter>
    </ClInclude>
    <ClInclude Include="..\Public\Floor.h">
      <Filter>02.GameObjects\01. MapObject\Floor</Filter>
    </ClInclude>
    <ClInclude Include="..\Public\CUi_MonsterDie.h">
      <Filter>04. UI\Ui\CUi_Life\MonsterDie</Filter>
    </ClInclude>
    <ClInclude Include="..\Public\CUi_SpecialHit.h">
      <Filter>04. UI\Ui\CUi_Life\SpeicialHit</Filter>
    </ClInclude>
    <ClInclude Include="..\Public\CUi_Special3Sec.h">
      <Filter>04. UI\Ui\CUi_Life\Special3Sec</Filter>
    </ClInclude>
    <ClInclude Include="..\Public\Animation.h">
      <Filter>03. Client_Components\Animation</Filter>
    </ClInclude>
    <ClInclude Include="..\Public\Enemy_Bullet.h">
      <Filter>02.GameObjects\04. Enemy\Enemy_Bullet</Filter>
    </ClInclude>
    <ClInclude Include="..\Public\CUi_Background.h">
      <Filter>04. UI\Ui\CUi_Life\Part\Background</Filter>
    </ClInclude>
    <ClInclude Include="..\Public\CUi_SpecialHit_Part.h">
      <Filter>04. UI\Ui\CUi_Life\Part\SpecialHit</Filter>
    </ClInclude>
    <ClInclude Include="..\Public\CrossHair.h">
      <Filter>04. UI\Ui\CUi_Active\Weapon\CrossHair</Filter>
    </ClInclude>
    <ClInclude Include="..\Public\Pistol_Right_Hand.h">
      <Filter>04. UI\Ui\CUi_Active\Hand\RIght_Hand\Pistol\Pistol_Right_Hand</Filter>
    </ClInclude>
    <ClInclude Include="..\Public\Pistol.h">
      <Filter>04. UI\Ui\CUi_Active\Hand\RIght_Hand\Pistol\Pistol_Idle</Filter>
    </ClInclude>
    <ClInclude Include="..\Public\CUi_Heart.h">
      <Filter>04. UI\Ui\CUi_Active\CUi_Clear\CUi_Heart</Filter>
    </ClInclude>
    <ClInclude Include="..\Public\CUi_Fine.h">
      <Filter>04. UI\Ui\CUi_Active\CUi_Clear\CUi_Fine</Filter>
    </ClInclude>
    <ClInclude Include="..\Public\CUi_Heart_BackGround.h">
      <Filter>04. UI\Ui\CUi_Active\CUi_Clear\CUi_Heart\CUi_Heart_Background</Filter>
    </ClInclude>
    <ClInclude Include="..\Public\CUi_Heart_Line.h">
      <Filter>04. UI\Ui\CUi_Active\CUi_Clear\CUi_Heart\CUi_HeartLine</Filter>
    </ClInclude>
    <ClInclude Include="..\Public\CGame_Manager.h">
      <Filter>97. Manager\GameManager</Filter>
    </ClInclude>
    <ClInclude Include="..\Public\CUi_Border.h">
      <Filter>04. UI\Ui\CUi_Active\CUi_Clear\CUi_Border</Filter>
    </ClInclude>
    <ClInclude Include="..\Public\Ui_Pos.h">
      <Filter>04. UI\Ui</Filter>
    </ClInclude>
    <ClInclude Include="..\Public\CUi_Chat.h">
      <Filter>04. UI\Ui\CUi_Active\CUi_Clear\CUi_Chat</Filter>
    </ClInclude>
    <ClInclude Include="..\Public\CUi_LiveStream.h">
      <Filter>04. UI\Ui\CUi_Active\CUi_Clear\CUi_LiveStream</Filter>
    </ClInclude>
    <ClInclude Include="..\public\Loader.h">
      <Filter>01.Levels\99.Loading\Loader</Filter>
    </ClInclude>
    <ClInclude Include="..\Public\MapObject.h">
      <Filter>02.GameObjects\01. MapObject\MapObject</Filter>
    </ClInclude>
    <ClInclude Include="..\Public\TriggerObject.h">
      <Filter>02.GameObjects\01. MapObject\TriggerObject</Filter>
    </ClInclude>
    <ClInclude Include="..\Public\SodaMachine_Banner.h">
      <Filter>02.GameObjects\01. MapObject\SodaMachine\Banner</Filter>
    </ClInclude>
    <ClInclude Include="..\Public\SodaMachine.h">
      <Filter>02.GameObjects\01. MapObject\SodaMachine</Filter>
    </ClInclude>
    <ClInclude Include="..\Public\Border.h">
      <Filter>02.GameObjects\01. MapObject\Border</Filter>
    </ClInclude>
    <ClInclude Include="..\Public\Client_Components.h">
      <Filter>99.Defines</Filter>
    </ClInclude>
    <ClInclude Include="..\Public\CUi_Floor.h">
      <Filter>04. UI\Ui\CUi_Active\CUi_Start\CUi_Floor</Filter>
    </ClInclude>
    <ClInclude Include="..\Public\CUi_Floor_Part.h">
      <Filter>04. UI\Ui\CUi_Life\Part\CUi_Floor_Part</Filter>
    </ClInclude>
    <ClInclude Include="..\Public\CUi_Shop.h">
      <Filter>04. UI\Ui\CUi_Active\CUi_Clear\CUi_Shop</Filter>
    </ClInclude>
    <ClInclude Include="..\Public\CUi_Shop_UpGrade.h">
      <Filter>04. UI\Ui\CUi_Life\Part\CUi_Shop_UpGrade</Filter>
    </ClInclude>
    <ClInclude Include="..\Public\Ui_Include.h">
      <Filter>04. UI\Ui</Filter>
    </ClInclude>
    <ClInclude Include="..\Public\CUi_UpGrade_Select.h">
      <Filter>04. UI\Ui\CUi_Life\Part\CUi_Shop_UpGrade\CUi_UpGrade_Part</Filter>
    </ClInclude>
    <ClInclude Include="..\Public\CUi_UpGrade_Focus.h">
      <Filter>04. UI\Ui\CUi_Life\Part\CUi_Shop_UpGrade\CUi_UpGrade_Part</Filter>
    </ClInclude>
    <ClInclude Include="..\Public\CUi_Floor_Logo.h">
      <Filter>04. UI\Ui\CUi_Active\CUi_Clear\CUi_Floor_Logo</Filter>
    </ClInclude>
    <ClInclude Include="..\Public\CUi_Floor_Logo_Word.h">
      <Filter>04. UI\Ui\CUi_Active\CUi_Clear\CUi_Floor_Logo\CUi_Floor_Logo_Word</Filter>
    </ClInclude>
    <ClInclude Include="..\Public\CUi_Floor_Logo_Num.h">
      <Filter>04. UI\Ui\CUi_Life\Part\CUi_Floor_Logo_Num</Filter>
    </ClInclude>
    <ClInclude Include="..\Public\CUi_Clear_Time.h">
      <Filter>04. UI\Ui\CUi_Active\CUi_Clear\CUi_Clear_Time</Filter>
    </ClInclude>
    <ClInclude Include="..\Public\CUi_Real_ClearTime.h">
      <Filter>04. UI\Ui\CUi_Life\Part\CUi_Real_ClearTime</Filter>
    </ClInclude>
    <ClInclude Include="..\Public\CUi_ClearTime_BackGround.h">
      <Filter>04. UI\Ui\CUi_Life\Part\CUi_ClearTime_BackGround</Filter>
    </ClInclude>
    <ClInclude Include="..\Public\CUi_Time_Division.h">
      <Filter>04. UI\Ui\CUi_Life\Part\CUi_ClearTime_BackGround\CUi_Time_Division</Filter>
    </ClInclude>
    <ClInclude Include="..\Public\Pistol_Shot.h">
      <Filter>04. UI\Ui\CUi_Active\Hand\RIght_Hand\Pistol\Pistol_Shot</Filter>
    </ClInclude>
    <ClInclude Include="..\Public\PlayerManager.h">
      <Filter>97. Manager\PlayerManager</Filter>
    </ClInclude>
    <ClInclude Include="..\Public\Pistol_Spin.h">
      <Filter>04. UI\Ui\CUi_Active\Hand\RIght_Hand\Pistol\Pistol_Spin</Filter>
    </ClInclude>
    <ClInclude Include="..\Public\Pistol_Reload.h">
      <Filter>04. UI\Ui\CUi_Active\Hand\RIght_Hand\Pistol\Pistol_Reload</Filter>
    </ClInclude>
    <ClInclude Include="..\Public\Pistol_GunFire.h">
      <Filter>04. UI\Ui\Effect\GunFire</Filter>
    </ClInclude>
    <ClInclude Include="..\Public\Pistol_Barrel.h">
      <Filter>04. UI\Ui\CUi_Active\Hand\RIght_Hand\Pistol\Pistol_Barrel</Filter>
    </ClInclude>
    <ClInclude Include="..\Public\White_Suit_Monster.h">
      <Filter>02.GameObjects\04. Enemy\Pawns\White_Suit_Monster</Filter>
    </ClInclude>
    <ClInclude Include="..\Public\Pawn.h">
      <Filter>02.GameObjects\04. Enemy\Pawns</Filter>
    </ClInclude>
    <ClInclude Include="..\Public\VIBuffer_Floor_Border.h">
      <Filter>03. Client_Components\VIBuffers\CVIBuffer_Border</Filter>
    </ClInclude>
    <ClInclude Include="..\Public\FPS_Camera.h">
      <Filter>02.GameObjects\03. Camera\01. FPS_Camera</Filter>
    </ClInclude>
    <ClInclude Include="..\Public\Soda.h">
      <Filter>02.GameObjects\01. MapObject\Soda</Filter>
    </ClInclude>
    <ClInclude Include="..\Public\Rigidbody.h">
      <Filter>03. Client_Components\Rigidbody</Filter>
    </ClInclude>
    <ClInclude Include="..\Public\VIBuffer_Door.h">
      <Filter>03. Client_Components\VIBuffers\VIBuffer_Door</Filter>
    </ClInclude>
    <ClInclude Include="..\Public\Door.h">
      <Filter>02.GameObjects\01. MapObject\Door</Filter>
    </ClInclude>
    <ClInclude Include="..\Public\MapLoader.h">
      <Filter>97. Manager\MapLoader</Filter>
    </ClInclude>
    <ClInclude Include="..\Public\Dash_Effect.h">
      <Filter>04. UI\Ui\CUi_Active\Camera_Filter\Dash</Filter>
    </ClInclude>
    <ClInclude Include="..\Public\Kick.h">
      <Filter>04. UI\Ui\CUi_Active\Kick</Filter>
    </ClInclude>
    <ClInclude Include="..\Public\CUi_Clear_Victory.h">
      <Filter>04. UI\Ui\CUi_Active\CUi_Clear\CUi_Clear_Victory</Filter>
    </ClInclude>
    <ClInclude Include="..\Public\Terrain_Collider.h">
      <Filter>03. Client_Components\Terrain_Collider</Filter>
    </ClInclude>
    <ClInclude Include="..\Public\Pistol_Reload_Left_Arm.h">
      <Filter>04. UI\Ui\CUi_Active\Hand\RIght_Hand\Pistol\Pistol_Reload_Left_Arm</Filter>
    </ClInclude>
    <ClInclude Include="..\Public\Pistol_Reload_Left_Hand.h">
      <Filter>04. UI\Ui\CUi_Active\Hand\RIght_Hand\Pistol\Pistol_Reload_Left_Hand</Filter>
    </ClInclude>
    <ClInclude Include="..\Public\Player_Include.h">
      <Filter>04. UI\Ui</Filter>
    </ClInclude>
    <ClInclude Include="..\Public\Phone.h">
      <Filter>04. UI\Ui\CUi_Active\Hand\Left_Hand\Phone</Filter>
    </ClInclude>
    <ClInclude Include="..\Public\CTextManager.h">
      <Filter>97. Manager\CTextManager</Filter>
    </ClInclude>
    <ClInclude Include="..\Public\CUi_Announcer.h">
      <Filter>04. UI\Ui\CUi_Active\CUi_Clear\Announcer</Filter>
    </ClInclude>
    <ClInclude Include="..\Public\CUi_PEACE.h">
      <Filter>04. UI\Ui\CUi_Active\CUi_Clear\Peace</Filter>
    </ClInclude>
    <ClInclude Include="..\Public\Monster_Headers.h">
      <Filter>99.Defines</Filter>
    </ClInclude>
    <ClInclude Include="..\Public\Client_Struct.h">
      <Filter>99.Defines</Filter>
    </ClInclude>
    <ClInclude Include="..\Public\Chainsaw_Monster.h">
      <Filter>02.GameObjects\04. Enemy\Pawns\Chainsaw_Monster</Filter>
    </ClInclude>
    <ClInclude Include="..\Public\Drone_Monster.h">
      <Filter>02.GameObjects\04. Enemy\Pawns\Drone_Monster</Filter>
    </ClInclude>
    <ClInclude Include="..\Public\Orange_Pants_Monster.h">
      <Filter>02.GameObjects\04. Enemy\Pawns\Orange_Pants_Monster</Filter>
    </ClInclude>
    <ClInclude Include="..\Public\VIBuffer_Sphere.h">
      <Filter>03. Client_Components\VIBuffers\VIBuffer_Sphere</Filter>
    </ClInclude>
    <ClInclude Include="..\Public\VIBuffer_Bullet.h">
      <Filter>03. Client_Components\VIBuffers\VIBuffer_Bullet</Filter>
    </ClInclude>
    <ClInclude Include="..\public\Light_Manager.h">
      <Filter>97. Manager\LightManager</Filter>
    </ClInclude>
    <ClInclude Include="..\Public\SpawnTrigger.h">
      <Filter>02.GameObjects\01. MapObject\TriggerObject\SpawnTrigger</Filter>
    </ClInclude>
    <ClInclude Include="..\Public\Trigger_Headers.h">
      <Filter>99.Defines</Filter>
    </ClInclude>
    <ClInclude Include="..\Public\CUi_Finish.h">
      <Filter>04. UI\Ui\CUi_Active\CUi_OnGoing\CUi_Finish</Filter>
    </ClInclude>
    <ClInclude Include="..\Public\CUi_LoadingBackGround.h">
      <Filter>04. UI\Ui\CUi_Life\Part\LoadingBackGround</Filter>
    </ClInclude>
    <ClInclude Include="..\Public\CText_BackGround.h">
      <Filter>04. UI\Ui\CUi_Life\Part\TextBackGround</Filter>
    </ClInclude>
    <ClInclude Include="..\Public\Execution_Head.h">
      <Filter>04. UI\Ui\CUi_Active\Execution\Head</Filter>
    </ClInclude>
    <ClInclude Include="..\Public\Execution_Body.h">
      <Filter>04. UI\Ui\CUi_Active\Execution\Body</Filter>
    </ClInclude>
    <ClInclude Include="..\Public\Execution_Hand.h">
      <Filter>04. UI\Ui\CUi_Active\Execution\Punch</Filter>
    </ClInclude>
    <ClInclude Include="..\Private\Execution_Neck.h">
      <Filter>04. UI\Ui\CUi_Active\Execution\Neck</Filter>
    </ClInclude>
    <ClInclude Include="..\Public\Slope.h">
      <Filter>02.GameObjects\01. MapObject\Slope</Filter>
    </ClInclude>
    <ClInclude Include="..\Public\MapObject_Header.h">
      <Filter>99.Defines</Filter>
    </ClInclude>
    <ClInclude Include="..\Public\Execution_Knife.h">
      <Filter>04. UI\Ui\CUi_Active\Execution\Weapon</Filter>
    </ClInclude>
    <ClInclude Include="..\Public\Drink.h">
      <Filter>04. UI\Ui\CUi_Active\Hand\Left_Hand\Drink</Filter>
    </ClInclude>
  </ItemGroup>
  <ItemGroup>
    <ClCompile Include="Client.cpp">
      <Filter>98.Default</Filter>
    </ClCompile>
    <ClCompile Include="stdafx.cpp">
      <Filter>98.Default</Filter>
    </ClCompile>
    <ClCompile Include="..\Private\MainApp.cpp">
      <Filter>00.MainApp</Filter>
    </ClCompile>
    <ClCompile Include="..\private\Level_Logo.cpp">
      <Filter>01.Levels\00.Logo</Filter>
    </ClCompile>
    <ClCompile Include="..\Private\Level_GamePlay.cpp">
      <Filter>01.Levels\01.GamePlay</Filter>
    </ClCompile>
    <ClCompile Include="..\Private\Level_Loading.cpp">
      <Filter>01.Levels\99.Loading</Filter>
    </ClCompile>
    <ClCompile Include="..\private\Loader.cpp">
      <Filter>01.Levels\99.Loading\Loader</Filter>
    </ClCompile>
    <ClCompile Include="..\private\Player.cpp">
      <Filter>02.GameObjects\02. Player</Filter>
    </ClCompile>
    <ClCompile Include="..\Private\BackGround.cpp">
      <Filter>02.GameObjects\00. BackGround</Filter>
    </ClCompile>
    <ClCompile Include="..\Private\Wall.cpp">
      <Filter>02.GameObjects\01. MapObject\Wall</Filter>
    </ClCompile>
    <ClCompile Include="..\Private\Floor.cpp">
      <Filter>02.GameObjects\01. MapObject\Floor</Filter>
    </ClCompile>
    <ClCompile Include="..\Private\CUi_MonsterDie.cpp">
      <Filter>04. UI\Ui\CUi_Life\MonsterDie</Filter>
    </ClCompile>
    <ClCompile Include="..\Private\CUi_SpecialHit.cpp">
      <Filter>04. UI\Ui\CUi_Life\SpeicialHit</Filter>
    </ClCompile>
    <ClCompile Include="..\Private\CUi_Special3Sec.cpp">
      <Filter>04. UI\Ui\CUi_Life\Special3Sec</Filter>
    </ClCompile>
    <ClCompile Include="..\Private\Animation.cpp">
      <Filter>03. Client_Components\Animation</Filter>
    </ClCompile>
    <ClCompile Include="..\Private\Enemy_Bullet.cpp">
      <Filter>02.GameObjects\04. Enemy\Enemy_Bullet</Filter>
    </ClCompile>
    <ClCompile Include="..\Private\CUi_Background.cpp">
      <Filter>04. UI\Ui\CUi_Life\Part\Background</Filter>
    </ClCompile>
    <ClCompile Include="..\Private\CUi_SpecialHit_Part.cpp">
      <Filter>04. UI\Ui\CUi_Life\Part\SpecialHit</Filter>
    </ClCompile>
    <ClCompile Include="..\Private\CrossHair.cpp">
      <Filter>04. UI\Ui\CUi_Active\Weapon\CrossHair</Filter>
    </ClCompile>
    <ClCompile Include="..\Private\Pistol_Right_Hand.cpp">
      <Filter>04. UI\Ui\CUi_Active\Hand\RIght_Hand\Pistol\Pistol_Right_Hand</Filter>
    </ClCompile>
    <ClCompile Include="..\Private\Pistol.cpp">
      <Filter>04. UI\Ui\CUi_Active\Hand\RIght_Hand\Pistol\Pistol_Idle</Filter>
    </ClCompile>
    <ClCompile Include="..\Private\CUi_Heart.cpp">
      <Filter>04. UI\Ui\CUi_Active\CUi_Clear\CUi_Heart</Filter>
    </ClCompile>
    <ClCompile Include="..\Private\CUi_Fine.cpp">
      <Filter>04. UI\Ui\CUi_Active\CUi_Clear\CUi_Fine</Filter>
    </ClCompile>
    <ClCompile Include="..\Private\CUi_Heart_BackGround.cpp">
      <Filter>04. UI\Ui\CUi_Active\CUi_Clear\CUi_Heart\CUi_Heart_Background</Filter>
    </ClCompile>
    <ClCompile Include="..\Private\CUi_Heart_Line.cpp">
      <Filter>04. UI\Ui\CUi_Active\CUi_Clear\CUi_Heart\CUi_HeartLine</Filter>
    </ClCompile>
    <ClCompile Include="..\Private\CGame_Manager.cpp">
      <Filter>97. Manager\GameManager</Filter>
    </ClCompile>
    <ClCompile Include="..\Private\CUi_Border.cpp">
      <Filter>04. UI\Ui\CUi_Active\CUi_Clear\CUi_Border</Filter>
    </ClCompile>
    <ClCompile Include="..\Private\CUi_Chat.cpp">
      <Filter>04. UI\Ui\CUi_Active\CUi_Clear\CUi_Chat</Filter>
    </ClCompile>
    <ClCompile Include="..\Private\CUi_LiveStream.cpp">
      <Filter>04. UI\Ui\CUi_Active\CUi_Clear\CUi_LiveStream</Filter>
    </ClCompile>
    <ClCompile Include="..\Private\MapObject.cpp">
      <Filter>02.GameObjects\01. MapObject\MapObject</Filter>
    </ClCompile>
    <ClCompile Include="..\Private\TriggerObject.cpp">
      <Filter>02.GameObjects\01. MapObject\TriggerObject</Filter>
    </ClCompile>
    <ClCompile Include="..\Private\SodaMachine.cpp">
      <Filter>02.GameObjects\01. MapObject\SodaMachine</Filter>
    </ClCompile>
    <ClCompile Include="..\Private\SodaMachine_Banner.cpp">
      <Filter>02.GameObjects\01. MapObject\SodaMachine\Banner</Filter>
    </ClCompile>
    <ClCompile Include="..\Private\Border.cpp">
      <Filter>02.GameObjects\01. MapObject\Border</Filter>
    </ClCompile>
    <ClCompile Include="..\Private\CUi_Floor.cpp">
      <Filter>04. UI\Ui\CUi_Active\CUi_Start\CUi_Floor</Filter>
    </ClCompile>
    <ClCompile Include="..\Private\CUi_Floor_Part.cpp">
      <Filter>04. UI\Ui\CUi_Life\Part\CUi_Floor_Part</Filter>
    </ClCompile>
    <ClCompile Include="..\Private\CUi_Shop.cpp">
      <Filter>04. UI\Ui\CUi_Active\CUi_Clear\CUi_Shop</Filter>
    </ClCompile>
    <ClCompile Include="..\Private\CUi_Shop_UpGrade.cpp">
      <Filter>04. UI\Ui\CUi_Life\Part\CUi_Shop_UpGrade</Filter>
    </ClCompile>
    <ClCompile Include="..\Private\CUi_UpGrade_Select.cpp">
      <Filter>04. UI\Ui\CUi_Life\Part\CUi_Shop_UpGrade\CUi_UpGrade_Part</Filter>
    </ClCompile>
    <ClCompile Include="..\Private\CUi_UpGrade_Focus.cpp">
      <Filter>04. UI\Ui\CUi_Life\Part\CUi_Shop_UpGrade\CUi_UpGrade_Part</Filter>
    </ClCompile>
    <ClCompile Include="..\Private\CUi_Floor_Logo.cpp">
      <Filter>04. UI\Ui\CUi_Active\CUi_Clear\CUi_Floor_Logo</Filter>
    </ClCompile>
    <ClCompile Include="..\Private\CUi_Floor_Logo_Word.cpp">
      <Filter>04. UI\Ui\CUi_Active\CUi_Clear\CUi_Floor_Logo\CUi_Floor_Logo_Word</Filter>
    </ClCompile>
    <ClCompile Include="..\Private\CUi_Floor_Logo_Num.cpp">
      <Filter>04. UI\Ui\CUi_Life\Part\CUi_Floor_Logo_Num</Filter>
    </ClCompile>
    <ClCompile Include="..\Private\CUi_Clear_Time.cpp">
      <Filter>04. UI\Ui\CUi_Active\CUi_Clear\CUi_Clear_Time</Filter>
    </ClCompile>
    <ClCompile Include="..\Private\CUi_Real_ClearTime.cpp">
      <Filter>04. UI\Ui\CUi_Life\Part\CUi_Real_ClearTime</Filter>
    </ClCompile>
    <ClCompile Include="..\Private\CUi_ClearTime_BackGround.cpp">
      <Filter>04. UI\Ui\CUi_Life\Part\CUi_ClearTime_BackGround</Filter>
    </ClCompile>
    <ClCompile Include="..\Private\CUi_Time_Division.cpp">
      <Filter>04. UI\Ui\CUi_Life\Part\CUi_ClearTime_BackGround\CUi_Time_Division</Filter>
    </ClCompile>
    <ClCompile Include="..\Private\PlayerManager.cpp">
      <Filter>97. Manager\PlayerManager</Filter>
    </ClCompile>
    <ClCompile Include="..\Private\Pistol_Spin.cpp">
      <Filter>04. UI\Ui\CUi_Active\Hand\RIght_Hand\Pistol\Pistol_Spin</Filter>
    </ClCompile>
    <ClCompile Include="..\Private\Pistol_Reload.cpp">
      <Filter>04. UI\Ui\CUi_Active\Hand\RIght_Hand\Pistol\Pistol_Reload</Filter>
    </ClCompile>
    <ClCompile Include="..\Private\Pistol_GunFire.cpp">
      <Filter>04. UI\Ui\Effect\GunFire</Filter>
    </ClCompile>
    <ClCompile Include="..\Private\Pistol_Barrel.cpp">
      <Filter>04. UI\Ui\CUi_Active\Hand\RIght_Hand\Pistol\Pistol_Barrel</Filter>
    </ClCompile>
    <ClCompile Include="..\Private\White_Suit_Monster.cpp">
      <Filter>02.GameObjects\04. Enemy\Pawns\White_Suit_Monster</Filter>
    </ClCompile>
    <ClCompile Include="..\Private\Pawn.cpp">
      <Filter>02.GameObjects\04. Enemy\Pawns</Filter>
    </ClCompile>
    <ClCompile Include="..\Private\VIBuffer_Floor_Border.cpp">
      <Filter>03. Client_Components\VIBuffers\CVIBuffer_Border</Filter>
    </ClCompile>
    <ClCompile Include="..\Private\FPS_Camera.cpp">
      <Filter>02.GameObjects\03. Camera\01. FPS_Camera</Filter>
    </ClCompile>
    <ClCompile Include="..\Private\Soda.cpp">
      <Filter>02.GameObjects\01. MapObject\Soda</Filter>
    </ClCompile>
    <ClCompile Include="..\Private\Rigidbody.cpp">
      <Filter>03. Client_Components\Rigidbody</Filter>
    </ClCompile>
    <ClCompile Include="..\Private\VIBuffer_Door.cpp">
      <Filter>03. Client_Components\VIBuffers\VIBuffer_Door</Filter>
    </ClCompile>
    <ClCompile Include="..\Private\Door.cpp">
      <Filter>02.GameObjects\01. MapObject\Door</Filter>
    </ClCompile>
    <ClCompile Include="..\Private\MapLoader.cpp">
      <Filter>97. Manager\MapLoader</Filter>
    </ClCompile>
    <ClCompile Include="..\Private\Kick.cpp">
      <Filter>04. UI\Ui\CUi_Active\Kick</Filter>
    </ClCompile>
    <ClCompile Include="..\Private\Dash_Effect.cpp">
      <Filter>04. UI\Ui\CUi_Active\Camera_Filter\Dash</Filter>
    </ClCompile>
    <ClCompile Include="..\Private\CUi_Clear_Victory.cpp">
      <Filter>04. UI\Ui\CUi_Active\CUi_Clear\CUi_Clear_Victory</Filter>
    </ClCompile>
    <ClCompile Include="..\Private\Terrain_Collider.cpp">
      <Filter>03. Client_Components\Terrain_Collider</Filter>
    </ClCompile>
    <ClCompile Include="..\Private\Pistol_Reload_Left_Arm.cpp">
      <Filter>04. UI\Ui\CUi_Active\Hand\RIght_Hand\Pistol\Pistol_Reload_Left_Arm</Filter>
    </ClCompile>
    <ClCompile Include="..\Private\Pistol_Reload_Left_Hand.cpp">
      <Filter>04. UI\Ui\CUi_Active\Hand\RIght_Hand\Pistol\Pistol_Reload_Left_Hand</Filter>
    </ClCompile>
    <ClCompile Include="..\Private\Phone.cpp">
      <Filter>04. UI\Ui\CUi_Active\Hand\Left_Hand\Phone</Filter>
    </ClCompile>
    <ClCompile Include="..\Private\Pistol_Shot.cpp">
      <Filter>04. UI\Ui\CUi_Active\Hand\RIght_Hand\Pistol\Pistol_Shot</Filter>
    </ClCompile>
    <ClCompile Include="..\Private\CTextManager.cpp">
      <Filter>97. Manager\CTextManager</Filter>
    </ClCompile>
    <ClCompile Include="..\Private\CUi_Announcer.cpp">
      <Filter>04. UI\Ui\CUi_Active\CUi_Clear\Announcer</Filter>
    </ClCompile>
    <ClCompile Include="..\Private\CUi_PEACE.cpp">
      <Filter>04. UI\Ui\CUi_Active\CUi_Clear\Peace</Filter>
    </ClCompile>
    <ClCompile Include="..\Private\Drone_Monster.cpp">
      <Filter>02.GameObjects\04. Enemy\Pawns\Drone_Monster</Filter>
    </ClCompile>
    <ClCompile Include="..\Private\Chainsaw_Monster.cpp">
      <Filter>02.GameObjects\04. Enemy\Pawns\Chainsaw_Monster</Filter>
    </ClCompile>
    <ClCompile Include="..\Private\Orange_Pants_Monster.cpp">
      <Filter>02.GameObjects\04. Enemy\Pawns\Orange_Pants_Monster</Filter>
    </ClCompile>
    <ClCompile Include="..\Private\VIBuffer_Sphere.cpp">
      <Filter>03. Client_Components\VIBuffers\VIBuffer_Sphere</Filter>
    </ClCompile>
    <ClCompile Include="..\Private\VIBuffer_Bullet.cpp">
      <Filter>03. Client_Components\VIBuffers\VIBuffer_Bullet</Filter>
    </ClCompile>
    <ClCompile Include="..\Private\Light_Manager.cpp">
      <Filter>97. Manager\LightManager</Filter>
    </ClCompile>
    <ClCompile Include="..\Private\SpawnTrigger.cpp">
      <Filter>02.GameObjects\01. MapObject\TriggerObject\SpawnTrigger</Filter>
    </ClCompile>
    <ClCompile Include="..\Private\CUi_Finish.cpp">
      <Filter>04. UI\Ui\CUi_Active\CUi_OnGoing\CUi_Finish</Filter>
    </ClCompile>
    <ClCompile Include="..\Private\CUi_LoadingBackGround.cpp">
      <Filter>04. UI\Ui\CUi_Life\Part\LoadingBackGround</Filter>
    </ClCompile>
    <ClCompile Include="..\Private\CText_BackGround.cpp">
      <Filter>04. UI\Ui\CUi_Life\Part\TextBackGround</Filter>
    </ClCompile>
    <ClCompile Include="..\Private\Execution_Head.cpp">
      <Filter>04. UI\Ui\CUi_Active\Execution\Head</Filter>
    </ClCompile>
    <ClCompile Include="..\Private\Execution_Body.cpp">
      <Filter>04. UI\Ui\CUi_Active\Execution\Body</Filter>
    </ClCompile>
    <ClCompile Include="..\Private\Execution_Neck.cpp">
      <Filter>04. UI\Ui\CUi_Active\Execution\Neck</Filter>
    </ClCompile>
    <ClCompile Include="..\Private\Execution_Hand.cpp">
      <Filter>04. UI\Ui\CUi_Active\Execution\Punch</Filter>
    </ClCompile>
    <ClCompile Include="..\Private\Slope.cpp">
      <Filter>02.GameObjects\01. MapObject\Slope</Filter>
    </ClCompile>
    <ClCompile Include="..\Private\Execution_Knife.cpp">
      <Filter>04. UI\Ui\CUi_Active\Execution\Weapon</Filter>
    </ClCompile>
    <ClCompile Include="..\Private\Drink.cpp">
      <Filter>04. UI\Ui\CUi_Active\Hand\Left_Hand\Drink</Filter>
    </ClCompile>
  </ItemGroup>
  <ItemGroup>
    <Image Include="Client.ico">
      <Filter>98.Default</Filter>
    </Image>
    <Image Include="small.ico">
      <Filter>98.Default</Filter>
    </Image>
  </ItemGroup>
  <ItemGroup>
    <ResourceCompile Include="Client.rc">
      <Filter>98.Default</Filter>
    </ResourceCompile>
  </ItemGroup>
</Project>